dependencies:
- name: postgresql
  repository: oci://registry-1.docker.io/bitnamicharts
  version: 14.3.3
- name: redis
  repository: oci://registry-1.docker.io/bitnamicharts
  version: 22.0.7
- name: prometheus-redis-exporter
  repository: https://prometheus-community.github.io/helm-charts
  version: 6.9.0
- name: elasticsearch
  repository: oci://registry-1.docker.io/bitnamicharts
  version: 21.4.8
- name: keyvault
  repository: file://../keyvault
  version: 0.1.3
digest: sha256:8ab7dec65064849f5bc766118d298ef70c7310d874a94f02ad93698ba2722348
generated: "2025-05-16T13:16:55.660935+02:00"
