dependencies:
- name: postgresql
  repository: oci://registry-1.docker.io/bitnamicharts
  version: 14.3.3
- name: valkey
  repository: oci://registry-1.docker.io/bitnamicharts
  version: 2.2.4
- name: elasticsearch
  repository: oci://registry-1.docker.io/bitnamicharts
  version: 21.4.8
- name: keyvault
  repository: file://../keyvault
  version: 0.1.3
digest: sha256:fed0422de1858b285ac9a2d1533a8a43005d9e4865e6629de28e31c99347b02a
generated: "2025-03-17T14:19:27.669965Z"
