dependencies:
- name: redis
  repository: https://charts.bitnami.com/bitnami
  version: 18.1.1
- name: keyvault
  repository: file://../keyvault
  version: 0.1.3
- name: postgresql
  repository: oci://registry-1.docker.io/bitnamicharts
  version: 14.3.3
digest: sha256:a424d6b91855439480348de2836697d7ec2c0cd93609a5a74d82a93f10ad293f
generated: "2024-12-19T12:01:23.587672+01:00"
