dependencies:
- name: redis
  repository: oci://registry-1.docker.io/bitnamicharts
  version: 24.1.8
- name: postgresql
  repository: oci://registry-1.docker.io/bitnamicharts
  version: 13.4.6
- name: keyvault
  repository: file://../keyvault
  version: 0.1.3
digest: sha256:3c770dc9b1e63886092a96957be9dbc56cc37d2bfd5679212a194d0dcc3f2369
generated: "2026-02-11T17:57:29.956865+01:00"
