dependencies:
- name: redis
  repository: https://charts.bitnami.com/bitnami
  version: 18.1.1
- name: postgresql
  repository: https://charts.bitnami.com/bitnami
  version: 13.1.5
- name: keyvault
  repository: file://../keyvault
  version: 0.1.1
digest: sha256:71d2c0d2a228aa9e5084e2d535dea97b046bd3e526cdd25adcbddd37f6dc132e
generated: "2024-09-12T14:36:38.675008+02:00"
